
Microsoft Visual Studio Solution File, Format Version 12.00
# Visual Studio 15
VisualStudioVersion = 15.0.26403.3
MinimumVisualStudioVersion = 10.0.40219.1
Project("{2150E333-8FDC-42A3-9474-1A3956D46DE8}") = "src", "src", "{37C826CE-9A1A-435D-A696-9B161955C88A}"
EndProject
Project("{2150E333-8FDC-42A3-9474-1A3956D46DE8}") = "Solution Items", "Solution Items", "{738D7B8E-D32D-4571-A9F0-6467A906B369}"
EndProject
Project("{2150E333-8FDC-42A3-9474-1A3956D46DE8}") = "test", "test", "{C96BDEE7-55F5-47C7-AE05-DF36EBEB2B0E}"
EndProject
Project("{2150E333-8FDC-42A3-9474-1A3956D46DE8}") = "Examples", "Examples", "{C957D300-ADFD-4428-9F65-F51D6A5758A8}"
EndProject
Project("{9A19103F-16F7-4668-BE54-9A1E7A4F7556}") = "HealthServerTests", "test\HealthServerTests\HealthServerTests.csproj", "{A7881C66-7527-4A67-BC48-0E1E5571A79F}"
EndProject
Project("{9A19103F-16F7-4668-BE54-9A1E7A4F7556}") = "HealthServer", "src\HealthServer\HealthServer.csproj", "{4052B729-00A9-42A5-A02D-946E86E11082}"
EndProject
Project("{FAE04EC0-301F-11D3-BF4B-00C04F79EFBC}") = "HealthServerDemo", "src\Examples\HealthServerDemo\HealthServerDemo.csproj", "{1841C5C0-8F8F-4D2F-89BF-A77D403116F8}"
EndProject
Global
	GlobalSection(SolutionConfigurationPlatforms) = preSolution
		Debug|Any CPU = Debug|Any CPU
		Release|Any CPU = Release|Any CPU
	EndGlobalSection
	GlobalSection(ProjectConfigurationPlatforms) = postSolution
		{A7881C66-7527-4A67-BC48-0E1E5571A79F}.Debug|Any CPU.ActiveCfg = Debug|Any CPU
		{A7881C66-7527-4A67-BC48-0E1E5571A79F}.Debug|Any CPU.Build.0 = Debug|Any CPU
		{A7881C66-7527-4A67-BC48-0E1E5571A79F}.Release|Any CPU.ActiveCfg = Release|Any CPU
		{A7881C66-7527-4A67-BC48-0E1E5571A79F}.Release|Any CPU.Build.0 = Release|Any CPU
		{4052B729-00A9-42A5-A02D-946E86E11082}.Debug|Any CPU.ActiveCfg = Debug|Any CPU
		{4052B729-00A9-42A5-A02D-946E86E11082}.Debug|Any CPU.Build.0 = Debug|Any CPU
		{4052B729-00A9-42A5-A02D-946E86E11082}.Release|Any CPU.ActiveCfg = Release|Any CPU
		{4052B729-00A9-42A5-A02D-946E86E11082}.Release|Any CPU.Build.0 = Release|Any CPU
		{1841C5C0-8F8F-4D2F-89BF-A77D403116F8}.Debug|Any CPU.ActiveCfg = Debug|Any CPU
		{1841C5C0-8F8F-4D2F-89BF-A77D403116F8}.Debug|Any CPU.Build.0 = Debug|Any CPU
		{1841C5C0-8F8F-4D2F-89BF-A77D403116F8}.Release|Any CPU.ActiveCfg = Release|Any CPU
		{1841C5C0-8F8F-4D2F-89BF-A77D403116F8}.Release|Any CPU.Build.0 = Release|Any CPU
	EndGlobalSection
	GlobalSection(SolutionProperties) = preSolution
		HideSolutionNode = FALSE
	EndGlobalSection
	GlobalSection(NestedProjects) = preSolution
		{C957D300-ADFD-4428-9F65-F51D6A5758A8} = {37C826CE-9A1A-435D-A696-9B161955C88A}
		{A7881C66-7527-4A67-BC48-0E1E5571A79F} = {C96BDEE7-55F5-47C7-AE05-DF36EBEB2B0E}
		{4052B729-00A9-42A5-A02D-946E86E11082} = {37C826CE-9A1A-435D-A696-9B161955C88A}
		{1841C5C0-8F8F-4D2F-89BF-A77D403116F8} = {C957D300-ADFD-4428-9F65-F51D6A5758A8}
	EndGlobalSection
EndGlobal
